<?xml version="1.0" encoding="utf-8"?>
<Project ToolsVersion="4.0" xmlns="http://schemas.microsoft.com/developer/msbuild/2003">
  <ItemGroup>
    <Filter Include="Source Files">
      <UniqueIdentifier>{4FC737F1-C7A5-4376-A066-2A32D752A2FF}</UniqueIdentifier>
      <Extensions>cpp;c;cc;cxx;c++;cppm;ixx;def;odl;idl;hpj;bat;asm;asmx</Extensions>
    </Filter>
    <Filter Include="Header Files">
      <UniqueIdentifier>{93995380-89BD-4b04-88EB-625FBE52EBFB}</UniqueIdentifier>
      <Extensions>h;hh;hpp;hxx;h++;hm;inl;inc;ipp;xsd</Extensions>
    </Filter>
    <Filter Include="Resource Files">
      <UniqueIdentifier>{67DA6AB6-F800-4c08-8B7A-83BB121AAD01}</UniqueIdentifier>
      <Extensions>rc;ico;cur;bmp;dlg;rc2;rct;bin;rgs;gif;jpg;jpeg;jpe;resx;tiff;tif;png;wav;mfcribbon-ms</Extensions>
    </Filter>
  </ItemGroup>
  <ItemGroup>
    <ClCompile Include="fast-wc.cpp">
      <Filter>Source Files</Filter>
    </ClCompile>
    <ClCompile Include="_FastWcInternalClass.cpp">
      <Filter>Source Files</Filter>
    </ClCompile>
    <ClCompile Include="_FastWcTaskWorker.cpp">
      <Filter>Source Files</Filter>
    </ClCompile>
    <ClCompile Include="_FastWcErrorDisplay.cpp">
      <Filter>Source Files</Filter>
    </ClCompile>
    <ClCompile Include="_FastWcAlignedTaskQueue.cpp">
      <Filter>Source Files</Filter>
    </ClCompile>
    <ClCompile Include="_FastWcUtil.cpp">
      <Filter>Source Files</Filter>
    </ClCompile>
    <ClCompile Include="_FastWcMappedFile.cpp">
      <Filter>Source Files</Filter>
    </ClCompile>
  </ItemGroup>
  <ItemGroup>
    <ClInclude Include="_FastWcInternalClass.h">
      <Filter>Header Files</Filter>
    </ClInclude>
    <ClInclude Include="ISingleton.h">
      <Filter>Header Files</Filter>
    </ClInclude>
    <ClInclude Include="_ProjMacro.h">
      <Filter>Header Files</Filter>
    </ClInclude>
    <ClInclude Include="_FastWcTaskWorker.h">
      <Filter>Header Files</Filter>
    </ClInclude>
    <ClInclude Include="resource.h">
      <Filter>Header Files</Filter>
    </ClInclude>
    <ClInclude Include="_FastWcErrorDisplay.h">
      <Filter>Header Files</Filter>
    </ClInclude>
    <ClInclude Include="_FastWcAlignedTaskQueue.h">
      <Filter>Header Files</Filter>
    </ClInclude>
    <ClInclude Include="_FastWcThreadPool.h">
      <Filter>Header Files</Filter>
    </ClInclude>
    <ClInclude Include="_FastWcUtil.h">
      <Filter>Header Files</Filter>
    </ClInclude>
    <ClInclude Include="_FastWcMappedFile.h">
      <Filter>Header Files</Filter>
    </ClInclude>
    <ClInclude Include="_FastWcArgParser.h">
      <Filter>Header Files</Filter>
    </ClInclude>
  </ItemGroup>
  <ItemGroup>
    <ResourceCompile Include="fast-wc.rc">
      <Filter>Resource Files</Filter>
    </ResourceCompile>
  </ItemGroup>
  <ItemGroup>
    <None Include="cpp.hint" />
  </ItemGroup>
</Project>